{
  "name": "my-vue3",
  "version": "1.0.0",
  "lockfileVersion": 1,
  "requires": true,
  "dependencies": {
    "@vue/reactivity": {
      "version": "3.2.2",
      "resolved": "https://registry.npmjs.org/@vue/reactivity/-/reactivity-3.2.2.tgz",
      "integrity": "sha512-IHjhtmrhK6dzacj/EnLQDWOaA3HuzzVk6w84qgV8EpS4uWGIJXiRalMRg6XvGW2ykJvIl3pLsF0aBFlTMRiLOA==",
      "requires": {
        "@vue/shared": "3.2.2"
      }
    },
    "@vue/shared": {
      "version": "3.2.2",
      "resolved": "https://registry.npmjs.org/@vue/shared/-/shared-3.2.2.tgz",
      "integrity": "sha512-dvYb318tk9uOzHtSaT3WII/HscQSIRzoCZ5GyxEb3JlkEXASpAUAQwKnvSe2CudnF8XHFRTB7VITWSnWNLZUtA=="
    }
  }
}
